{
  "pins" : [
    {
      "identity" : "defaults",
      "kind" : "remoteSourceControl",
      "location" : "https://github.com/sindresorhus/Defaults",
      "state" : {
        "branch" : "main",
        "revision" : "488ff7dd719cf18a347dcab00078483f28ee52f8"
      }
    },
    {
      "identity" : "dependencylist",
      "kind" : "remoteSourceControl",
      "location" : "https://github.com/Kyome22/DependencyList",
      "state" : {
        "revision" : "b9dbb0f20d6f60aae01f795e852918119917c304",
        "version" : "0.0.2"
      }
    },
    {
      "identity" : "keyboardshortcuts",
      "kind" : "remoteSourceControl",
      "location" : "https://github.com/sindresorhus/KeyboardShortcuts",
      "state" : {
        "branch" : "main",
        "revision" : "018e445b340dac78dfc2a4c97c45d9571507c3b5"
      }
    },
    {
      "identity" : "launchatlogin-modern",
      "kind" : "remoteSourceControl",
      "location" : "https://github.com/sindresorhus/LaunchAtLogin-Modern",
      "state" : {
        "branch" : "main",
        "revision" : "9c41991631605c8ccfe0347bbcb5c659169f2ec5"
      }
    },
    {
      "identity" : "sfsafesymbols",
      "kind" : "remoteSourceControl",
      "location" : "https://github.com/SFSafeSymbols/SFSafeSymbols",
      "state" : {
        "revision" : "c8c33d947d8a1c883aa19fd24e14fd738b06e369",
        "version" : "3.3.2"
      }
    },
    {
      "identity" : "sparkle",
      "kind" : "remoteSourceControl",
      "location" : "https://github.com/sparkle-project/Sparkle",
      "state" : {
        "revision" : "7907f058bcef1132c9b4af6c049cac598330a5f9",
        "version" : "2.4.1"
      }
    },
    {
      "identity" : "swift-argument-parser",
      "kind" : "remoteSourceControl",
      "location" : "https://github.com/apple/swift-argument-parser.git",
      "state" : {
        "revision" : "fddd1c00396eed152c45a46bea9f47b98e59301d",
        "version" : "1.2.0"
      }
    },
    {
      "identity" : "swiftgenplugin",
      "kind" : "remoteSourceControl",
      "location" : "https://github.com/BookBeat/SwiftGenPlugin",
      "state" : {
        "branch" : "xcodeproject-support",
        "revision" : "1228d5a43ca791db0719d42f641c34a00b9c32f3"
      }
    },
    {
      "identity" : "swiftlintplugin",
      "kind" : "remoteSourceControl",
      "location" : "https://github.com/lukepistrol/SwiftLintPlugin",
      "state" : {
        "revision" : "d3ec7fb242ebe1d8e23bf17e58a1e27d43125994",
        "version" : "0.2.6"
      }
    },
    {
      "identity" : "swiftshell",
      "kind" : "remoteSourceControl",
      "location" : "https://github.com/kareman/SwiftShell",
      "state" : {
        "branch" : "master",
        "revision" : "99680b2efc7c7dbcace1da0b3979d266f02e213c"
      }
    }
  ],
  "version" : 2
}
