// !$*UTF8*$!
{
	archiveVersion = 1;
	classes = {
	};
	objectVersion = 55;
	objects = {

/* Begin PBXBuildFile section */
		D6288AD2289EB5DB00F80FF1 /* EjectKeyApp.swift in Sources */ = {isa = PBXBuildFile; fileRef = D6288AD1289EB5DB00F80FF1 /* EjectKeyApp.swift */; };
		D6288AD6289EB5DC00F80FF1 /* Assets.xcassets in Resources */ = {isa = PBXBuildFile; fileRef = D6288AD5289EB5DC00F80FF1 /* Assets.xcassets */; };
		D6288AD9289EB5DC00F80FF1 /* Preview Assets.xcassets in Resources */ = {isa = PBXBuildFile; fileRef = D6288AD8289EB5DC00F80FF1 /* Preview Assets.xcassets */; };
		D6288AE2289EBD1C00F80FF1 /* Localizable.strings in Resources */ = {isa = PBXBuildFile; fileRef = D6288AE4289EBD1C00F80FF1 /* Localizable.strings */; };
		D6288AE9289EBE5600F80FF1 /* Strings.swift in Sources */ = {isa = PBXBuildFile; fileRef = D6288AE8289EBE5600F80FF1 /* Strings.swift */; };
		D6288AEE289EC0E200F80FF1 /* Defaults in Frameworks */ = {isa = PBXBuildFile; productRef = D6288AED289EC0E200F80FF1 /* Defaults */; };
		D6288AF4289EC11700F80FF1 /* SFSafeSymbols in Frameworks */ = {isa = PBXBuildFile; productRef = D6288AF3289EC11700F80FF1 /* SFSafeSymbols */; };
		D6288AF8289EC3F200F80FF1 /* Commands.swift in Sources */ = {isa = PBXBuildFile; fileRef = D6288AF7289EC3F200F80FF1 /* Commands.swift */; };
		D6288AFA289EC41900F80FF1 /* Observers.swift in Sources */ = {isa = PBXBuildFile; fileRef = D6288AF9289EC41900F80FF1 /* Observers.swift */; };
		D6288AFC289EC43400F80FF1 /* Notifications.swift in Sources */ = {isa = PBXBuildFile; fileRef = D6288AFB289EC43400F80FF1 /* Notifications.swift */; };
		D6288AFF289EC45A00F80FF1 /* Volume.swift in Sources */ = {isa = PBXBuildFile; fileRef = D6288AFE289EC45A00F80FF1 /* Volume.swift */; };
		D6288B01289EC47D00F80FF1 /* Defaults.swift in Sources */ = {isa = PBXBuildFile; fileRef = D6288B00289EC47D00F80FF1 /* Defaults.swift */; };
		D6288B07289EC54A00F80FF1 /* TouchBar.swift in Sources */ = {isa = PBXBuildFile; fileRef = D6288B06289EC54A00F80FF1 /* TouchBar.swift */; };
		D6288B0C289EC69D00F80FF1 /* SettingsView.swift in Sources */ = {isa = PBXBuildFile; fileRef = D6288B0B289EC69D00F80FF1 /* SettingsView.swift */; };
		D6288B0E289EC6F700F80FF1 /* GeneralView.swift in Sources */ = {isa = PBXBuildFile; fileRef = D6288B0D289EC6F700F80FF1 /* GeneralView.swift */; };
		D6288B12289EC72A00F80FF1 /* TouchBarView.swift in Sources */ = {isa = PBXBuildFile; fileRef = D6288B11289EC72A00F80FF1 /* TouchBarView.swift */; };
		D6288B14289EC73F00F80FF1 /* NotificationsView.swift in Sources */ = {isa = PBXBuildFile; fileRef = D6288B13289EC73F00F80FF1 /* NotificationsView.swift */; };
		D6288B17289EC7A200F80FF1 /* Resize.swift in Sources */ = {isa = PBXBuildFile; fileRef = D6288B16289EC7A200F80FF1 /* Resize.swift */; };
		D6288B19289EC7B600F80FF1 /* Unique.swift in Sources */ = {isa = PBXBuildFile; fileRef = D6288B18289EC7B600F80FF1 /* Unique.swift */; };
		D6288B1B289EC7D200F80FF1 /* Defaults+Workaround.swift in Sources */ = {isa = PBXBuildFile; fileRef = D6288B1A289EC7D200F80FF1 /* Defaults+Workaround.swift */; };
		D6288B4128A0CB9800F80FF1 /* KeyboardShortcuts in Frameworks */ = {isa = PBXBuildFile; productRef = D6288B4028A0CB9800F80FF1 /* KeyboardShortcuts */; };
		D6288B4328A0CBB500F80FF1 /* Shortcuts.swift in Sources */ = {isa = PBXBuildFile; fileRef = D6288B4228A0CBB500F80FF1 /* Shortcuts.swift */; };
		D6288B4728A0CE2E00F80FF1 /* ShortcutsView.swift in Sources */ = {isa = PBXBuildFile; fileRef = D6288B4628A0CE2E00F80FF1 /* ShortcutsView.swift */; };
		D6347FC6297E8AE60084CF7E /* SwiftShell in Frameworks */ = {isa = PBXBuildFile; productRef = D6347FC5297E8AE60084CF7E /* SwiftShell */; };
		D637A85F2974374C00C6DD7D /* LaunchAtLogin in Frameworks */ = {isa = PBXBuildFile; productRef = D637A85E2974374C00C6DD7D /* LaunchAtLogin */; };
		D696B78B29126D65001DD6FE /* MenuView.swift in Sources */ = {isa = PBXBuildFile; fileRef = D696B78A29126D65001DD6FE /* MenuView.swift */; };
		D696B78F2912A19D001DD6FE /* AppModel.swift in Sources */ = {isa = PBXBuildFile; fileRef = D696B78E2912A19D001DD6FE /* AppModel.swift */; };
		D696B793291367FD001DD6FE /* Hidden.swift in Sources */ = {isa = PBXBuildFile; fileRef = D696B792291367FD001DD6FE /* Hidden.swift */; };
		D696B7962913CD57001DD6FE /* AboutView.swift in Sources */ = {isa = PBXBuildFile; fileRef = D696B7952913CD57001DD6FE /* AboutView.swift */; };
		D6B238CE29601E690049CF72 /* DependencyList in Frameworks */ = {isa = PBXBuildFile; productRef = D6B238CD29601E690049CF72 /* DependencyList */; };
		D6EEFE162962BBA2002B64AA /* ExperimentalView.swift in Sources */ = {isa = PBXBuildFile; fileRef = D6EEFE152962BBA2002B64AA /* ExperimentalView.swift */; };
		D6EEFE192962C335002B64AA /* Unit.swift in Sources */ = {isa = PBXBuildFile; fileRef = D6EEFE182962C335002B64AA /* Unit.swift */; };
		D6EF55A92962F714002E36EC /* Sparkle in Frameworks */ = {isa = PBXBuildFile; productRef = D6EF55A82962F714002E36EC /* Sparkle */; };
		D6EF55AC2962F76C002E36EC /* UpdaterViewModel.swift in Sources */ = {isa = PBXBuildFile; fileRef = D6EF55AB2962F76C002E36EC /* UpdaterViewModel.swift */; };
		D6EF55C2296BB34E002E36EC /* DFRFoundation.framework in Frameworks */ = {isa = PBXBuildFile; fileRef = D6EF55C1296BB34D002E36EC /* DFRFoundation.framework */; };
		D6EF55C3296BB34E002E36EC /* DFRFoundation.framework in Embed Frameworks */ = {isa = PBXBuildFile; fileRef = D6EF55C1296BB34D002E36EC /* DFRFoundation.framework */; settings = {ATTRIBUTES = (CodeSignOnCopy, RemoveHeadersOnCopy, ); }; };
/* End PBXBuildFile section */

/* Begin PBXCopyFilesBuildPhase section */
		D6EF55C4296BB34E002E36EC /* Embed Frameworks */ = {
			isa = PBXCopyFilesBuildPhase;
			buildActionMask = 2147483647;
			dstPath = "";
			dstSubfolderSpec = 10;
			files = (
				D6EF55C3296BB34E002E36EC /* DFRFoundation.framework in Embed Frameworks */,
			);
			name = "Embed Frameworks";
			runOnlyForDeploymentPostprocessing = 0;
		};
/* End PBXCopyFilesBuildPhase section */

/* Begin PBXFileReference section */
		D6288AD1289EB5DB00F80FF1 /* EjectKeyApp.swift */ = {isa = PBXFileReference; lastKnownFileType = sourcecode.swift; path = EjectKeyApp.swift; sourceTree = "<group>"; };
		D6288AD5289EB5DC00F80FF1 /* Assets.xcassets */ = {isa = PBXFileReference; lastKnownFileType = folder.assetcatalog; path = Assets.xcassets; sourceTree = "<group>"; };
		D6288AD8289EB5DC00F80FF1 /* Preview Assets.xcassets */ = {isa = PBXFileReference; lastKnownFileType = folder.assetcatalog; path = "Preview Assets.xcassets"; sourceTree = "<group>"; };
		D6288ADA289EB5DC00F80FF1 /* EjectKey.entitlements */ = {isa = PBXFileReference; lastKnownFileType = text.plist.entitlements; path = EjectKey.entitlements; sourceTree = "<group>"; };
		D6288AE3289EBD1C00F80FF1 /* en */ = {isa = PBXFileReference; lastKnownFileType = text.plist.strings; name = en; path = en.lproj/Localizable.strings; sourceTree = "<group>"; };
		D6288AE5289EBD1D00F80FF1 /* ja */ = {isa = PBXFileReference; lastKnownFileType = text.plist.strings; name = ja; path = ja.lproj/Localizable.strings; sourceTree = "<group>"; };
		D6288AE8289EBE5600F80FF1 /* Strings.swift */ = {isa = PBXFileReference; fileEncoding = 4; lastKnownFileType = sourcecode.swift; path = Strings.swift; sourceTree = "<group>"; };
		D6288AF7289EC3F200F80FF1 /* Commands.swift */ = {isa = PBXFileReference; lastKnownFileType = sourcecode.swift; path = Commands.swift; sourceTree = "<group>"; };
		D6288AF9289EC41900F80FF1 /* Observers.swift */ = {isa = PBXFileReference; lastKnownFileType = sourcecode.swift; path = Observers.swift; sourceTree = "<group>"; };
		D6288AFB289EC43400F80FF1 /* Notifications.swift */ = {isa = PBXFileReference; lastKnownFileType = sourcecode.swift; path = Notifications.swift; sourceTree = "<group>"; };
		D6288AFE289EC45A00F80FF1 /* Volume.swift */ = {isa = PBXFileReference; lastKnownFileType = sourcecode.swift; path = Volume.swift; sourceTree = "<group>"; };
		D6288B00289EC47D00F80FF1 /* Defaults.swift */ = {isa = PBXFileReference; lastKnownFileType = sourcecode.swift; path = Defaults.swift; sourceTree = "<group>"; };
		D6288B06289EC54A00F80FF1 /* TouchBar.swift */ = {isa = PBXFileReference; lastKnownFileType = sourcecode.swift; path = TouchBar.swift; sourceTree = "<group>"; };
		D6288B08289EC58C00F80FF1 /* TouchBar.h */ = {isa = PBXFileReference; lastKnownFileType = sourcecode.c.h; path = TouchBar.h; sourceTree = "<group>"; };
		D6288B0B289EC69D00F80FF1 /* SettingsView.swift */ = {isa = PBXFileReference; lastKnownFileType = sourcecode.swift; path = SettingsView.swift; sourceTree = "<group>"; };
		D6288B0D289EC6F700F80FF1 /* GeneralView.swift */ = {isa = PBXFileReference; lastKnownFileType = sourcecode.swift; path = GeneralView.swift; sourceTree = "<group>"; };
		D6288B11289EC72A00F80FF1 /* TouchBarView.swift */ = {isa = PBXFileReference; lastKnownFileType = sourcecode.swift; path = TouchBarView.swift; sourceTree = "<group>"; };
		D6288B13289EC73F00F80FF1 /* NotificationsView.swift */ = {isa = PBXFileReference; lastKnownFileType = sourcecode.swift; path = NotificationsView.swift; sourceTree = "<group>"; };
		D6288B16289EC7A200F80FF1 /* Resize.swift */ = {isa = PBXFileReference; lastKnownFileType = sourcecode.swift; path = Resize.swift; sourceTree = "<group>"; };
		D6288B18289EC7B600F80FF1 /* Unique.swift */ = {isa = PBXFileReference; lastKnownFileType = sourcecode.swift; path = Unique.swift; sourceTree = "<group>"; };
		D6288B1A289EC7D200F80FF1 /* Defaults+Workaround.swift */ = {isa = PBXFileReference; lastKnownFileType = sourcecode.swift; path = "Defaults+Workaround.swift"; sourceTree = "<group>"; };
		D6288B3D289F43DC00F80FF1 /* EjectKey-Bridging-Header.h */ = {isa = PBXFileReference; fileEncoding = 4; lastKnownFileType = sourcecode.c.h; path = "EjectKey-Bridging-Header.h"; sourceTree = "<group>"; };
		D6288B3E289F44D100F80FF1 /* Info.plist */ = {isa = PBXFileReference; lastKnownFileType = text.plist; path = Info.plist; sourceTree = "<group>"; };
		D6288B4228A0CBB500F80FF1 /* Shortcuts.swift */ = {isa = PBXFileReference; lastKnownFileType = sourcecode.swift; path = Shortcuts.swift; sourceTree = "<group>"; };
		D6288B4628A0CE2E00F80FF1 /* ShortcutsView.swift */ = {isa = PBXFileReference; lastKnownFileType = sourcecode.swift; path = ShortcutsView.swift; sourceTree = "<group>"; };
		D696B78929126B80001DD6FE /* EjectKey.app */ = {isa = PBXFileReference; explicitFileType = wrapper.application; includeInIndex = 0; path = EjectKey.app; sourceTree = BUILT_PRODUCTS_DIR; };
		D696B78A29126D65001DD6FE /* MenuView.swift */ = {isa = PBXFileReference; lastKnownFileType = sourcecode.swift; path = MenuView.swift; sourceTree = "<group>"; };
		D696B78E2912A19D001DD6FE /* AppModel.swift */ = {isa = PBXFileReference; lastKnownFileType = sourcecode.swift; path = AppModel.swift; sourceTree = "<group>"; };
		D696B792291367FD001DD6FE /* Hidden.swift */ = {isa = PBXFileReference; lastKnownFileType = sourcecode.swift; path = Hidden.swift; sourceTree = "<group>"; };
		D696B7952913CD57001DD6FE /* AboutView.swift */ = {isa = PBXFileReference; lastKnownFileType = sourcecode.swift; path = AboutView.swift; sourceTree = "<group>"; };
		D6EEFE152962BBA2002B64AA /* ExperimentalView.swift */ = {isa = PBXFileReference; lastKnownFileType = sourcecode.swift; path = ExperimentalView.swift; sourceTree = "<group>"; };
		D6EEFE182962C335002B64AA /* Unit.swift */ = {isa = PBXFileReference; lastKnownFileType = sourcecode.swift; path = Unit.swift; sourceTree = "<group>"; };
		D6EF55AB2962F76C002E36EC /* UpdaterViewModel.swift */ = {isa = PBXFileReference; lastKnownFileType = sourcecode.swift; path = UpdaterViewModel.swift; sourceTree = "<group>"; };
		D6EF55C1296BB34D002E36EC /* DFRFoundation.framework */ = {isa = PBXFileReference; lastKnownFileType = wrapper.framework; name = DFRFoundation.framework; path = ../../../../../System/Library/PrivateFrameworks/DFRFoundation.framework; sourceTree = "<group>"; };
/* End PBXFileReference section */

/* Begin PBXFrameworksBuildPhase section */
		D6288ACB289EB5DB00F80FF1 /* Frameworks */ = {
			isa = PBXFrameworksBuildPhase;
			buildActionMask = 2147483647;
			files = (
				D6EF55C2296BB34E002E36EC /* DFRFoundation.framework in Frameworks */,
				D6288AF4289EC11700F80FF1 /* SFSafeSymbols in Frameworks */,
				D637A85F2974374C00C6DD7D /* LaunchAtLogin in Frameworks */,
				D6B238CE29601E690049CF72 /* DependencyList in Frameworks */,
				D6EF55A92962F714002E36EC /* Sparkle in Frameworks */,
				D6288B4128A0CB9800F80FF1 /* KeyboardShortcuts in Frameworks */,
				D6288AEE289EC0E200F80FF1 /* Defaults in Frameworks */,
				D6347FC6297E8AE60084CF7E /* SwiftShell in Frameworks */,
			);
			runOnlyForDeploymentPostprocessing = 0;
		};
/* End PBXFrameworksBuildPhase section */

/* Begin PBXGroup section */
		D6288AC5289EB5DB00F80FF1 = {
			isa = PBXGroup;
			children = (
				D6288AD0289EB5DB00F80FF1 /* EjectKey */,
				D696B78929126B80001DD6FE /* EjectKey.app */,
				D6EF55C0296BB34D002E36EC /* Frameworks */,
			);
			sourceTree = "<group>";
		};
		D6288AD0289EB5DB00F80FF1 /* EjectKey */ = {
			isa = PBXGroup;
			children = (
				D6288B3E289F44D100F80FF1 /* Info.plist */,
				D6288AD1289EB5DB00F80FF1 /* EjectKeyApp.swift */,
				D696B78E2912A19D001DD6FE /* AppModel.swift */,
				D6288AF7289EC3F200F80FF1 /* Commands.swift */,
				D6288AF9289EC41900F80FF1 /* Observers.swift */,
				D6288AFB289EC43400F80FF1 /* Notifications.swift */,
				D6288AFD289EC45000F80FF1 /* Objects */,
				D6288B02289EC4A900F80FF1 /* MenuBar */,
				D6288B05289EC4FC00F80FF1 /* TouchBar */,
				D6288B0A289EC5D500F80FF1 /* Settings */,
				D6288B15289EC78900F80FF1 /* Utils */,
				D6288AD5289EB5DC00F80FF1 /* Assets.xcassets */,
				D6288ADA289EB5DC00F80FF1 /* EjectKey.entitlements */,
				D6288AE4289EBD1C00F80FF1 /* Localizable.strings */,
				D6288AE7289EBDFE00F80FF1 /* Generated */,
				D6288AD7289EB5DC00F80FF1 /* Preview Content */,
			);
			path = EjectKey;
			sourceTree = "<group>";
		};
		D6288AD7289EB5DC00F80FF1 /* Preview Content */ = {
			isa = PBXGroup;
			children = (
				D6288AD8289EB5DC00F80FF1 /* Preview Assets.xcassets */,
			);
			path = "Preview Content";
			sourceTree = "<group>";
		};
		D6288AE7289EBDFE00F80FF1 /* Generated */ = {
			isa = PBXGroup;
			children = (
				D6288AE8289EBE5600F80FF1 /* Strings.swift */,
			);
			path = Generated;
			sourceTree = "<group>";
		};
		D6288AFD289EC45000F80FF1 /* Objects */ = {
			isa = PBXGroup;
			children = (
				D6EEFE182962C335002B64AA /* Unit.swift */,
				D6288AFE289EC45A00F80FF1 /* Volume.swift */,
				D6288B00289EC47D00F80FF1 /* Defaults.swift */,
				D6288B4228A0CBB500F80FF1 /* Shortcuts.swift */,
			);
			path = Objects;
			sourceTree = "<group>";
		};
		D6288B02289EC4A900F80FF1 /* MenuBar */ = {
			isa = PBXGroup;
			children = (
				D696B78A29126D65001DD6FE /* MenuView.swift */,
			);
			path = MenuBar;
			sourceTree = "<group>";
		};
		D6288B05289EC4FC00F80FF1 /* TouchBar */ = {
			isa = PBXGroup;
			children = (
				D6288B3D289F43DC00F80FF1 /* EjectKey-Bridging-Header.h */,
				D6288B06289EC54A00F80FF1 /* TouchBar.swift */,
				D6288B08289EC58C00F80FF1 /* TouchBar.h */,
			);
			path = TouchBar;
			sourceTree = "<group>";
		};
		D6288B0A289EC5D500F80FF1 /* Settings */ = {
			isa = PBXGroup;
			children = (
				D6288B0B289EC69D00F80FF1 /* SettingsView.swift */,
				D6288B0D289EC6F700F80FF1 /* GeneralView.swift */,
				D6288B4628A0CE2E00F80FF1 /* ShortcutsView.swift */,
				D6288B13289EC73F00F80FF1 /* NotificationsView.swift */,
				D6288B11289EC72A00F80FF1 /* TouchBarView.swift */,
				D6EEFE152962BBA2002B64AA /* ExperimentalView.swift */,
				D696B7952913CD57001DD6FE /* AboutView.swift */,
			);
			path = Settings;
			sourceTree = "<group>";
		};
		D6288B15289EC78900F80FF1 /* Utils */ = {
			isa = PBXGroup;
			children = (
				D696B792291367FD001DD6FE /* Hidden.swift */,
				D6288B16289EC7A200F80FF1 /* Resize.swift */,
				D6288B18289EC7B600F80FF1 /* Unique.swift */,
				D6288B1A289EC7D200F80FF1 /* Defaults+Workaround.swift */,
				D6EF55AB2962F76C002E36EC /* UpdaterViewModel.swift */,
			);
			path = Utils;
			sourceTree = "<group>";
		};
		D6EF55C0296BB34D002E36EC /* Frameworks */ = {
			isa = PBXGroup;
			children = (
				D6EF55C1296BB34D002E36EC /* DFRFoundation.framework */,
			);
			name = Frameworks;
			sourceTree = "<group>";
		};
/* End PBXGroup section */

/* Begin PBXNativeTarget section */
		D6288ACD289EB5DB00F80FF1 /* EjectKey */ = {
			isa = PBXNativeTarget;
			buildConfigurationList = D6288ADD289EB5DC00F80FF1 /* Build configuration list for PBXNativeTarget "EjectKey" */;
			buildPhases = (
				D6288ACA289EB5DB00F80FF1 /* Sources */,
				D6288ACB289EB5DB00F80FF1 /* Frameworks */,
				D6288ACC289EB5DB00F80FF1 /* Resources */,
				D6EF55C4296BB34E002E36EC /* Embed Frameworks */,
			);
			buildRules = (
			);
			dependencies = (
				D68DAFBA29799C82009062CB /* PBXTargetDependency */,
				D68DAFB22979946F009062CB /* PBXTargetDependency */,
				D6B238D0296020560049CF72 /* PBXTargetDependency */,
			);
			name = EjectKey;
			packageProductDependencies = (
				D6288AED289EC0E200F80FF1 /* Defaults */,
				D6288AF3289EC11700F80FF1 /* SFSafeSymbols */,
				D6288B4028A0CB9800F80FF1 /* KeyboardShortcuts */,
				D6B238CD29601E690049CF72 /* DependencyList */,
				D6EF55A82962F714002E36EC /* Sparkle */,
				D637A85E2974374C00C6DD7D /* LaunchAtLogin */,
				D6347FC5297E8AE60084CF7E /* SwiftShell */,
			);
			productName = EjectKey;
			productReference = D696B78929126B80001DD6FE /* EjectKey.app */;
			productType = "com.apple.product-type.application";
		};
/* End PBXNativeTarget section */

/* Begin PBXProject section */
		D6288AC6289EB5DB00F80FF1 /* Project object */ = {
			isa = PBXProject;
			attributes = {
				BuildIndependentTargetsInParallel = 1;
				LastSwiftUpdateCheck = 1340;
				LastUpgradeCheck = 1340;
				TargetAttributes = {
					D6288ACD289EB5DB00F80FF1 = {
						CreatedOnToolsVersion = 13.4.1;
					};
				};
			};
			buildConfigurationList = D6288AC9289EB5DB00F80FF1 /* Build configuration list for PBXProject "EjectKey" */;
			compatibilityVersion = "Xcode 13.0";
			developmentRegion = en;
			hasScannedForEncodings = 0;
			knownRegions = (
				en,
				Base,
				ja,
			);
			mainGroup = D6288AC5289EB5DB00F80FF1;
			packageReferences = (
				D6288AEC289EC0E200F80FF1 /* XCRemoteSwiftPackageReference "Defaults" */,
				D6288AF2289EC11700F80FF1 /* XCRemoteSwiftPackageReference "SFSafeSymbols" */,
				D6288B3F28A0CB9800F80FF1 /* XCRemoteSwiftPackageReference "KeyboardShortcuts" */,
				D6B238CC29601E690049CF72 /* XCRemoteSwiftPackageReference "DependencyList" */,
				D6EF55A72962F714002E36EC /* XCRemoteSwiftPackageReference "Sparkle" */,
				D637A85D2974374C00C6DD7D /* XCRemoteSwiftPackageReference "LaunchAtLogin-Modern" */,
				D68DAFAC297993D4009062CB /* XCRemoteSwiftPackageReference "SwiftLintPlugin" */,
				D68DAFB829799C76009062CB /* XCRemoteSwiftPackageReference "SwiftGenPlugin" */,
				D6347FC4297E8AE60084CF7E /* XCRemoteSwiftPackageReference "SwiftShell" */,
			);
			productRefGroup = D6288AC5289EB5DB00F80FF1;
			projectDirPath = "";
			projectRoot = "";
			targets = (
				D6288ACD289EB5DB00F80FF1 /* EjectKey */,
			);
		};
/* End PBXProject section */

/* Begin PBXResourcesBuildPhase section */
		D6288ACC289EB5DB00F80FF1 /* Resources */ = {
			isa = PBXResourcesBuildPhase;
			buildActionMask = 2147483647;
			files = (
				D6288AD9289EB5DC00F80FF1 /* Preview Assets.xcassets in Resources */,
				D6288AE2289EBD1C00F80FF1 /* Localizable.strings in Resources */,
				D6288AD6289EB5DC00F80FF1 /* Assets.xcassets in Resources */,
			);
			runOnlyForDeploymentPostprocessing = 0;
		};
/* End PBXResourcesBuildPhase section */

/* Begin PBXSourcesBuildPhase section */
		D6288ACA289EB5DB00F80FF1 /* Sources */ = {
			isa = PBXSourcesBuildPhase;
			buildActionMask = 2147483647;
			files = (
				D6288AFC289EC43400F80FF1 /* Notifications.swift in Sources */,
				D6288B01289EC47D00F80FF1 /* Defaults.swift in Sources */,
				D6288B19289EC7B600F80FF1 /* Unique.swift in Sources */,
				D6EEFE192962C335002B64AA /* Unit.swift in Sources */,
				D6288AE9289EBE5600F80FF1 /* Strings.swift in Sources */,
				D6288AFA289EC41900F80FF1 /* Observers.swift in Sources */,
				D696B78B29126D65001DD6FE /* MenuView.swift in Sources */,
				D6288B12289EC72A00F80FF1 /* TouchBarView.swift in Sources */,
				D6288B4728A0CE2E00F80FF1 /* ShortcutsView.swift in Sources */,
				D6288B07289EC54A00F80FF1 /* TouchBar.swift in Sources */,
				D696B78F2912A19D001DD6FE /* AppModel.swift in Sources */,
				D696B793291367FD001DD6FE /* Hidden.swift in Sources */,
				D6288B1B289EC7D200F80FF1 /* Defaults+Workaround.swift in Sources */,
				D6EEFE162962BBA2002B64AA /* ExperimentalView.swift in Sources */,
				D6EF55AC2962F76C002E36EC /* UpdaterViewModel.swift in Sources */,
				D6288B17289EC7A200F80FF1 /* Resize.swift in Sources */,
				D6288AF8289EC3F200F80FF1 /* Commands.swift in Sources */,
				D6288B4328A0CBB500F80FF1 /* Shortcuts.swift in Sources */,
				D6288AFF289EC45A00F80FF1 /* Volume.swift in Sources */,
				D6288B0E289EC6F700F80FF1 /* GeneralView.swift in Sources */,
				D6288AD2289EB5DB00F80FF1 /* EjectKeyApp.swift in Sources */,
				D696B7962913CD57001DD6FE /* AboutView.swift in Sources */,
				D6288B0C289EC69D00F80FF1 /* SettingsView.swift in Sources */,
				D6288B14289EC73F00F80FF1 /* NotificationsView.swift in Sources */,
			);
			runOnlyForDeploymentPostprocessing = 0;
		};
/* End PBXSourcesBuildPhase section */

/* Begin PBXTargetDependency section */
		D68DAFB22979946F009062CB /* PBXTargetDependency */ = {
			isa = PBXTargetDependency;
			productRef = D68DAFB12979946F009062CB /* SwiftLint */;
		};
		D68DAFBA29799C82009062CB /* PBXTargetDependency */ = {
			isa = PBXTargetDependency;
			productRef = D68DAFB929799C82009062CB /* SwiftGenPlugin */;
		};
		D6B238D0296020560049CF72 /* PBXTargetDependency */ = {
			isa = PBXTargetDependency;
			productRef = D6B238CF296020560049CF72 /* PrepareDependencyList */;
		};
/* End PBXTargetDependency section */

/* Begin PBXVariantGroup section */
		D6288AE4289EBD1C00F80FF1 /* Localizable.strings */ = {
			isa = PBXVariantGroup;
			children = (
				D6288AE3289EBD1C00F80FF1 /* en */,
				D6288AE5289EBD1D00F80FF1 /* ja */,
			);
			name = Localizable.strings;
			sourceTree = "<group>";
		};
/* End PBXVariantGroup section */

/* Begin XCBuildConfiguration section */
		D6288ADB289EB5DC00F80FF1 /* Debug */ = {
			isa = XCBuildConfiguration;
			buildSettings = {
				ALWAYS_SEARCH_USER_PATHS = NO;
				CLANG_ANALYZER_NONNULL = YES;
				CLANG_ANALYZER_NUMBER_OBJECT_CONVERSION = YES_AGGRESSIVE;
				CLANG_CXX_LANGUAGE_STANDARD = "gnu++17";
				CLANG_ENABLE_MODULES = YES;
				CLANG_ENABLE_OBJC_ARC = YES;
				CLANG_ENABLE_OBJC_WEAK = YES;
				CLANG_WARN_BLOCK_CAPTURE_AUTORELEASING = YES;
				CLANG_WARN_BOOL_CONVERSION = YES;
				CLANG_WARN_COMMA = YES;
				CLANG_WARN_CONSTANT_CONVERSION = YES;
				CLANG_WARN_DEPRECATED_OBJC_IMPLEMENTATIONS = YES;
				CLANG_WARN_DIRECT_OBJC_ISA_USAGE = YES_ERROR;
				CLANG_WARN_DOCUMENTATION_COMMENTS = YES;
				CLANG_WARN_EMPTY_BODY = YES;
				CLANG_WARN_ENUM_CONVERSION = YES;
				CLANG_WARN_INFINITE_RECURSION = YES;
				CLANG_WARN_INT_CONVERSION = YES;
				CLANG_WARN_NON_LITERAL_NULL_CONVERSION = YES;
				CLANG_WARN_OBJC_IMPLICIT_RETAIN_SELF = YES;
				CLANG_WARN_OBJC_LITERAL_CONVERSION = YES;
				CLANG_WARN_OBJC_ROOT_CLASS = YES_ERROR;
				CLANG_WARN_QUOTED_INCLUDE_IN_FRAMEWORK_HEADER = YES;
				CLANG_WARN_RANGE_LOOP_ANALYSIS = YES;
				CLANG_WARN_STRICT_PROTOTYPES = YES;
				CLANG_WARN_SUSPICIOUS_MOVE = YES;
				CLANG_WARN_UNGUARDED_AVAILABILITY = YES_AGGRESSIVE;
				CLANG_WARN_UNREACHABLE_CODE = YES;
				CLANG_WARN__DUPLICATE_METHOD_MATCH = YES;
				COPY_PHASE_STRIP = NO;
				DEBUG_INFORMATION_FORMAT = dwarf;
				ENABLE_STRICT_OBJC_MSGSEND = YES;
				ENABLE_TESTABILITY = YES;
				GCC_C_LANGUAGE_STANDARD = gnu11;
				GCC_DYNAMIC_NO_PIC = NO;
				GCC_NO_COMMON_BLOCKS = YES;
				GCC_OPTIMIZATION_LEVEL = 0;
				GCC_PREPROCESSOR_DEFINITIONS = (
					"DEBUG=1",
					"$(inherited)",
				);
				GCC_WARN_64_TO_32_BIT_CONVERSION = YES;
				GCC_WARN_ABOUT_RETURN_TYPE = YES_ERROR;
				GCC_WARN_UNDECLARED_SELECTOR = YES;
				GCC_WARN_UNINITIALIZED_AUTOS = YES_AGGRESSIVE;
				GCC_WARN_UNUSED_FUNCTION = YES;
				GCC_WARN_UNUSED_VARIABLE = YES;
				MACOSX_DEPLOYMENT_TARGET = 13.0;
				MTL_ENABLE_DEBUG_INFO = INCLUDE_SOURCE;
				MTL_FAST_MATH = YES;
				ONLY_ACTIVE_ARCH = YES;
				SDKROOT = macosx;
				SWIFT_ACTIVE_COMPILATION_CONDITIONS = DEBUG;
				SWIFT_OPTIMIZATION_LEVEL = "-Onone";
				VERSIONING_SYSTEM = "apple-generic";
			};
			name = Debug;
		};
		D6288ADC289EB5DC00F80FF1 /* Release */ = {
			isa = XCBuildConfiguration;
			buildSettings = {
				ALWAYS_SEARCH_USER_PATHS = NO;
				CLANG_ANALYZER_NONNULL = YES;
				CLANG_ANALYZER_NUMBER_OBJECT_CONVERSION = YES_AGGRESSIVE;
				CLANG_CXX_LANGUAGE_STANDARD = "gnu++17";
				CLANG_ENABLE_MODULES = YES;
				CLANG_ENABLE_OBJC_ARC = YES;
				CLANG_ENABLE_OBJC_WEAK = YES;
				CLANG_WARN_BLOCK_CAPTURE_AUTORELEASING = YES;
				CLANG_WARN_BOOL_CONVERSION = YES;
				CLANG_WARN_COMMA = YES;
				CLANG_WARN_CONSTANT_CONVERSION = YES;
				CLANG_WARN_DEPRECATED_OBJC_IMPLEMENTATIONS = YES;
				CLANG_WARN_DIRECT_OBJC_ISA_USAGE = YES_ERROR;
				CLANG_WARN_DOCUMENTATION_COMMENTS = YES;
				CLANG_WARN_EMPTY_BODY = YES;
				CLANG_WARN_ENUM_CONVERSION = YES;
				CLANG_WARN_INFINITE_RECURSION = YES;
				CLANG_WARN_INT_CONVERSION = YES;
				CLANG_WARN_NON_LITERAL_NULL_CONVERSION = YES;
				CLANG_WARN_OBJC_IMPLICIT_RETAIN_SELF = YES;
				CLANG_WARN_OBJC_LITERAL_CONVERSION = YES;
				CLANG_WARN_OBJC_ROOT_CLASS = YES_ERROR;
				CLANG_WARN_QUOTED_INCLUDE_IN_FRAMEWORK_HEADER = YES;
				CLANG_WARN_RANGE_LOOP_ANALYSIS = YES;
				CLANG_WARN_STRICT_PROTOTYPES = YES;
				CLANG_WARN_SUSPICIOUS_MOVE = YES;
				CLANG_WARN_UNGUARDED_AVAILABILITY = YES_AGGRESSIVE;
				CLANG_WARN_UNREACHABLE_CODE = YES;
				CLANG_WARN__DUPLICATE_METHOD_MATCH = YES;
				COPY_PHASE_STRIP = NO;
				DEBUG_INFORMATION_FORMAT = "dwarf-with-dsym";
				ENABLE_NS_ASSERTIONS = NO;
				ENABLE_STRICT_OBJC_MSGSEND = YES;
				GCC_C_LANGUAGE_STANDARD = gnu11;
				GCC_NO_COMMON_BLOCKS = YES;
				GCC_WARN_64_TO_32_BIT_CONVERSION = YES;
				GCC_WARN_ABOUT_RETURN_TYPE = YES_ERROR;
				GCC_WARN_UNDECLARED_SELECTOR = YES;
				GCC_WARN_UNINITIALIZED_AUTOS = YES_AGGRESSIVE;
				GCC_WARN_UNUSED_FUNCTION = YES;
				GCC_WARN_UNUSED_VARIABLE = YES;
				MACOSX_DEPLOYMENT_TARGET = 13.0;
				MTL_ENABLE_DEBUG_INFO = NO;
				MTL_FAST_MATH = YES;
				SDKROOT = macosx;
				SWIFT_COMPILATION_MODE = wholemodule;
				SWIFT_OPTIMIZATION_LEVEL = "-O";
				VERSIONING_SYSTEM = "apple-generic";
			};
			name = Release;
		};
		D6288ADE289EB5DC00F80FF1 /* Debug */ = {
			isa = XCBuildConfiguration;
			buildSettings = {
				ASSETCATALOG_COMPILER_APPICON_NAME = AppIcon;
				ASSETCATALOG_COMPILER_GLOBAL_ACCENT_COLOR_NAME = AccentColor;
				CODE_SIGN_ENTITLEMENTS = EjectKey/EjectKey.entitlements;
				CODE_SIGN_STYLE = Automatic;
				COMBINE_HIDPI_IMAGES = YES;
				CURRENT_PROJECT_VERSION = 1;
				DEVELOPMENT_ASSET_PATHS = "\"EjectKey/Preview Content\"";
				DEVELOPMENT_TEAM = Y8BLTLLP3D;
				ENABLE_HARDENED_RUNTIME = YES;
				ENABLE_PREVIEWS = YES;
				FRAMEWORK_SEARCH_PATHS = "";
				GENERATE_INFOPLIST_FILE = YES;
				INFOPLIST_FILE = EjectKey/Info.plist;
				INFOPLIST_KEY_NSHumanReadableCopyright = "Copyright © 2022 fus1ondev. All rights reserved.";
				LD_RUNPATH_SEARCH_PATHS = (
					"$(inherited)",
					"@executable_path/../Frameworks",
				);
				MACOSX_DEPLOYMENT_TARGET = 13.0;
				MARKETING_VERSION = 1.0;
				PRODUCT_BUNDLE_IDENTIFIER = dev.fus1on.EjectKey;
				PRODUCT_NAME = "$(TARGET_NAME)";
				SWIFT_EMIT_LOC_STRINGS = YES;
				SWIFT_OBJC_BRIDGING_HEADER = "EjectKey/TouchBar/EjectKey-Bridging-Header.h";
				SWIFT_VERSION = 5.0;
				SYSTEM_FRAMEWORK_SEARCH_PATHS = (
					"$(inherited)",
					"$(SYSTEM_LIBRARY_DIR)/PrivateFrameworks",
				);
			};
			name = Debug;
		};
		D6288ADF289EB5DC00F80FF1 /* Release */ = {
			isa = XCBuildConfiguration;
			buildSettings = {
				ASSETCATALOG_COMPILER_APPICON_NAME = AppIcon;
				ASSETCATALOG_COMPILER_GLOBAL_ACCENT_COLOR_NAME = AccentColor;
				CODE_SIGN_ENTITLEMENTS = EjectKey/EjectKey.entitlements;
				CODE_SIGN_STYLE = Automatic;
				COMBINE_HIDPI_IMAGES = YES;
				CURRENT_PROJECT_VERSION = 1;
				DEVELOPMENT_ASSET_PATHS = "\"EjectKey/Preview Content\"";
				DEVELOPMENT_TEAM = Y8BLTLLP3D;
				ENABLE_HARDENED_RUNTIME = YES;
				ENABLE_PREVIEWS = YES;
				FRAMEWORK_SEARCH_PATHS = "";
				GENERATE_INFOPLIST_FILE = YES;
				INFOPLIST_FILE = EjectKey/Info.plist;
				INFOPLIST_KEY_NSHumanReadableCopyright = "Copyright © 2022 fus1ondev. All rights reserved.";
				LD_RUNPATH_SEARCH_PATHS = (
					"$(inherited)",
					"@executable_path/../Frameworks",
				);
				MACOSX_DEPLOYMENT_TARGET = 13.0;
				MARKETING_VERSION = 1.0;
				PRODUCT_BUNDLE_IDENTIFIER = dev.fus1on.EjectKey;
				PRODUCT_NAME = "$(TARGET_NAME)";
				SWIFT_EMIT_LOC_STRINGS = YES;
				SWIFT_OBJC_BRIDGING_HEADER = "EjectKey/TouchBar/EjectKey-Bridging-Header.h";
				SWIFT_VERSION = 5.0;
				SYSTEM_FRAMEWORK_SEARCH_PATHS = (
					"$(inherited)",
					"$(SYSTEM_LIBRARY_DIR)/PrivateFrameworks",
				);
			};
			name = Release;
		};
/* End XCBuildConfiguration section */

/* Begin XCConfigurationList section */
		D6288AC9289EB5DB00F80FF1 /* Build configuration list for PBXProject "EjectKey" */ = {
			isa = XCConfigurationList;
			buildConfigurations = (
				D6288ADB289EB5DC00F80FF1 /* Debug */,
				D6288ADC289EB5DC00F80FF1 /* Release */,
			);
			defaultConfigurationIsVisible = 0;
			defaultConfigurationName = Release;
		};
		D6288ADD289EB5DC00F80FF1 /* Build configuration list for PBXNativeTarget "EjectKey" */ = {
			isa = XCConfigurationList;
			buildConfigurations = (
				D6288ADE289EB5DC00F80FF1 /* Debug */,
				D6288ADF289EB5DC00F80FF1 /* Release */,
			);
			defaultConfigurationIsVisible = 0;
			defaultConfigurationName = Release;
		};
/* End XCConfigurationList section */

/* Begin XCRemoteSwiftPackageReference section */
		D6288AEC289EC0E200F80FF1 /* XCRemoteSwiftPackageReference "Defaults" */ = {
			isa = XCRemoteSwiftPackageReference;
			repositoryURL = "https://github.com/sindresorhus/Defaults";
			requirement = {
				branch = main;
				kind = branch;
			};
		};
		D6288AF2289EC11700F80FF1 /* XCRemoteSwiftPackageReference "SFSafeSymbols" */ = {
			isa = XCRemoteSwiftPackageReference;
			repositoryURL = "https://github.com/SFSafeSymbols/SFSafeSymbols";
			requirement = {
				kind = upToNextMajorVersion;
				minimumVersion = 3.0.0;
			};
		};
		D6288B3F28A0CB9800F80FF1 /* XCRemoteSwiftPackageReference "KeyboardShortcuts" */ = {
			isa = XCRemoteSwiftPackageReference;
			repositoryURL = "https://github.com/sindresorhus/KeyboardShortcuts";
			requirement = {
				branch = main;
				kind = branch;
			};
		};
		D6347FC4297E8AE60084CF7E /* XCRemoteSwiftPackageReference "SwiftShell" */ = {
			isa = XCRemoteSwiftPackageReference;
			repositoryURL = "https://github.com/kareman/SwiftShell";
			requirement = {
				branch = master;
				kind = branch;
			};
		};
		D637A85D2974374C00C6DD7D /* XCRemoteSwiftPackageReference "LaunchAtLogin-Modern" */ = {
			isa = XCRemoteSwiftPackageReference;
			repositoryURL = "https://github.com/sindresorhus/LaunchAtLogin-Modern";
			requirement = {
				branch = main;
				kind = branch;
			};
		};
		D68DAFAC297993D4009062CB /* XCRemoteSwiftPackageReference "SwiftLintPlugin" */ = {
			isa = XCRemoteSwiftPackageReference;
			repositoryURL = "https://github.com/lukepistrol/SwiftLintPlugin";
			requirement = {
				kind = upToNextMajorVersion;
				minimumVersion = 0.2.2;
			};
		};
		D68DAFB829799C76009062CB /* XCRemoteSwiftPackageReference "SwiftGenPlugin" */ = {
			isa = XCRemoteSwiftPackageReference;
			repositoryURL = "https://github.com/BookBeat/SwiftGenPlugin";
			requirement = {
				branch = "xcodeproject-support";
				kind = branch;
			};
		};
		D6B238CC29601E690049CF72 /* XCRemoteSwiftPackageReference "DependencyList" */ = {
			isa = XCRemoteSwiftPackageReference;
			repositoryURL = "https://github.com/Kyome22/DependencyList";
			requirement = {
				kind = upToNextMajorVersion;
				minimumVersion = 0.0.1;
			};
		};
		D6EF55A72962F714002E36EC /* XCRemoteSwiftPackageReference "Sparkle" */ = {
			isa = XCRemoteSwiftPackageReference;
			repositoryURL = "https://github.com/sparkle-project/Sparkle";
			requirement = {
				kind = upToNextMajorVersion;
				minimumVersion = 2.0.0;
			};
		};
/* End XCRemoteSwiftPackageReference section */

/* Begin XCSwiftPackageProductDependency section */
		D6288AED289EC0E200F80FF1 /* Defaults */ = {
			isa = XCSwiftPackageProductDependency;
			package = D6288AEC289EC0E200F80FF1 /* XCRemoteSwiftPackageReference "Defaults" */;
			productName = Defaults;
		};
		D6288AF3289EC11700F80FF1 /* SFSafeSymbols */ = {
			isa = XCSwiftPackageProductDependency;
			package = D6288AF2289EC11700F80FF1 /* XCRemoteSwiftPackageReference "SFSafeSymbols" */;
			productName = SFSafeSymbols;
		};
		D6288B4028A0CB9800F80FF1 /* KeyboardShortcuts */ = {
			isa = XCSwiftPackageProductDependency;
			package = D6288B3F28A0CB9800F80FF1 /* XCRemoteSwiftPackageReference "KeyboardShortcuts" */;
			productName = KeyboardShortcuts;
		};
		D6347FC5297E8AE60084CF7E /* SwiftShell */ = {
			isa = XCSwiftPackageProductDependency;
			package = D6347FC4297E8AE60084CF7E /* XCRemoteSwiftPackageReference "SwiftShell" */;
			productName = SwiftShell;
		};
		D637A85E2974374C00C6DD7D /* LaunchAtLogin */ = {
			isa = XCSwiftPackageProductDependency;
			package = D637A85D2974374C00C6DD7D /* XCRemoteSwiftPackageReference "LaunchAtLogin-Modern" */;
			productName = LaunchAtLogin;
		};
		D68DAFB12979946F009062CB /* SwiftLint */ = {
			isa = XCSwiftPackageProductDependency;
			package = D68DAFAC297993D4009062CB /* XCRemoteSwiftPackageReference "SwiftLintPlugin" */;
			productName = "plugin:SwiftLint";
		};
		D68DAFB929799C82009062CB /* SwiftGenPlugin */ = {
			isa = XCSwiftPackageProductDependency;
			package = D68DAFB829799C76009062CB /* XCRemoteSwiftPackageReference "SwiftGenPlugin" */;
			productName = "plugin:SwiftGenPlugin";
		};
		D6B238CD29601E690049CF72 /* DependencyList */ = {
			isa = XCSwiftPackageProductDependency;
			package = D6B238CC29601E690049CF72 /* XCRemoteSwiftPackageReference "DependencyList" */;
			productName = DependencyList;
		};
		D6B238CF296020560049CF72 /* PrepareDependencyList */ = {
			isa = XCSwiftPackageProductDependency;
			package = D6B238CC29601E690049CF72 /* XCRemoteSwiftPackageReference "DependencyList" */;
			productName = "plugin:PrepareDependencyList";
		};
		D6EF55A82962F714002E36EC /* Sparkle */ = {
			isa = XCSwiftPackageProductDependency;
			package = D6EF55A72962F714002E36EC /* XCRemoteSwiftPackageReference "Sparkle" */;
			productName = Sparkle;
		};
/* End XCSwiftPackageProductDependency section */
	};
	rootObject = D6288AC6289EB5DB00F80FF1 /* Project object */;
}
